{
    "version": 3,
    "terraform_version": "0.11.7",
    "serial": 10,
    "lineage": "a87dc1a3-9e84-ff7b-f707-b1001c13d598",
    "modules": [
        {
            "path": [
                "root"
            ],
            "outputs": {
                "base_url": {
                    "sensitive": false,
                    "type": "string",
                    "value": "https://hh1sagwvbk.execute-api.us-east-1.amazonaws.com/test"
                }
            },
            "resources": {
                "aws_api_gateway_deployment.example": {
                    "type": "aws_api_gateway_deployment",
                    "depends_on": [
                        "aws_api_gateway_integration.lambda",
                        "aws_api_gateway_integration.lambda_root",
                        "aws_api_gateway_rest_api.example"
                    ],
                    "primary": {
                        "id": "bth5u0",
                        "attributes": {
                            "created_date": "2018-06-04T21:32:13Z",
                            "description": "",
                            "execution_arn": "arn:aws:execute-api:us-east-1:153052954103:hh1sagwvbk/test",
                            "id": "bth5u0",
                            "invoke_url": "https://hh1sagwvbk.execute-api.us-east-1.amazonaws.com/test",
                            "rest_api_id": "hh1sagwvbk",
                            "stage_name": "test"
                        },
                        "meta": {},
                        "tainted": false
                    },
                    "deposed": [],
                    "provider": "provider.aws"
                },
                "aws_api_gateway_integration.lambda": {
                    "type": "aws_api_gateway_integration",
                    "depends_on": [
                        "aws_api_gateway_method.proxy",
                        "aws_api_gateway_rest_api.example",
                        "aws_lambda_function.example"
                    ],
                    "primary": {
                        "id": "agi-hh1sagwvbk-0mu1re-ANY",
                        "attributes": {
                            "cache_key_parameters.#": "0",
                            "cache_namespace": "0mu1re",
                            "connection_id": "",
                            "connection_type": "INTERNET",
                            "http_method": "ANY",
                            "id": "agi-hh1sagwvbk-0mu1re-ANY",
                            "integration_http_method": "POST",
                            "passthrough_behavior": "WHEN_NO_MATCH",
                            "request_parameters.%": "0",
                            "request_templates.%": "0",
                            "resource_id": "0mu1re",
                            "rest_api_id": "hh1sagwvbk",
                            "type": "AWS_PROXY",
                            "uri": "arn:aws:apigateway:us-east-1:lambda:path/2015-03-31/functions/arn:aws:lambda:us-east-1:153052954103:function:ServerlessExample/invocations"
                        },
                        "meta": {},
                        "tainted": false
                    },
                    "deposed": [],
                    "provider": "provider.aws"
                },
                "aws_api_gateway_integration.lambda_root": {
                    "type": "aws_api_gateway_integration",
                    "depends_on": [
                        "aws_api_gateway_method.proxy_root",
                        "aws_api_gateway_rest_api.example",
                        "aws_lambda_function.example"
                    ],
                    "primary": {
                        "id": "agi-hh1sagwvbk-7s9rlcqx4j-ANY",
                        "attributes": {
                            "cache_key_parameters.#": "0",
                            "cache_namespace": "7s9rlcqx4j",
                            "connection_id": "",
                            "connection_type": "INTERNET",
                            "http_method": "ANY",
                            "id": "agi-hh1sagwvbk-7s9rlcqx4j-ANY",
                            "integration_http_method": "POST",
                            "passthrough_behavior": "WHEN_NO_MATCH",
                            "request_parameters.%": "0",
                            "request_templates.%": "0",
                            "resource_id": "7s9rlcqx4j",
                            "rest_api_id": "hh1sagwvbk",
                            "type": "AWS_PROXY",
                            "uri": "arn:aws:apigateway:us-east-1:lambda:path/2015-03-31/functions/arn:aws:lambda:us-east-1:153052954103:function:ServerlessExample/invocations"
                        },
                        "meta": {},
                        "tainted": false
                    },
                    "deposed": [],
                    "provider": "provider.aws"
                },
                "aws_api_gateway_method.proxy": {
                    "type": "aws_api_gateway_method",
                    "depends_on": [
                        "aws_api_gateway_resource.proxy",
                        "aws_api_gateway_rest_api.example"
                    ],
                    "primary": {
                        "id": "agm-hh1sagwvbk-0mu1re-ANY",
                        "attributes": {
                            "api_key_required": "false",
                            "authorization": "NONE",
                            "authorizer_id": "",
                            "http_method": "ANY",
                            "id": "agm-hh1sagwvbk-0mu1re-ANY",
                            "request_models.%": "0",
                            "request_parameters.%": "0",
                            "request_validator_id": "",
                            "resource_id": "0mu1re",
                            "rest_api_id": "hh1sagwvbk"
                        },
                        "meta": {},
                        "tainted": false
                    },
                    "deposed": [],
                    "provider": "provider.aws"
                },
                "aws_api_gateway_method.proxy_root": {
                    "type": "aws_api_gateway_method",
                    "depends_on": [
                        "aws_api_gateway_rest_api.example"
                    ],
                    "primary": {
                        "id": "agm-hh1sagwvbk-7s9rlcqx4j-ANY",
                        "attributes": {
                            "api_key_required": "false",
                            "authorization": "NONE",
                            "authorizer_id": "",
                            "http_method": "ANY",
                            "id": "agm-hh1sagwvbk-7s9rlcqx4j-ANY",
                            "request_models.%": "0",
                            "request_parameters.%": "0",
                            "request_validator_id": "",
                            "resource_id": "7s9rlcqx4j",
                            "rest_api_id": "hh1sagwvbk"
                        },
                        "meta": {},
                        "tainted": false
                    },
                    "deposed": [],
                    "provider": "provider.aws"
                },
                "aws_api_gateway_resource.proxy": {
                    "type": "aws_api_gateway_resource",
                    "depends_on": [
                        "aws_api_gateway_rest_api.example"
                    ],
                    "primary": {
                        "id": "0mu1re",
                        "attributes": {
                            "id": "0mu1re",
                            "parent_id": "7s9rlcqx4j",
                            "path": "/{proxy+}",
                            "path_part": "{proxy+}",
                            "rest_api_id": "hh1sagwvbk"
                        },
                        "meta": {},
                        "tainted": false
                    },
                    "deposed": [],
                    "provider": "provider.aws"
                },
                "aws_api_gateway_rest_api.example": {
                    "type": "aws_api_gateway_rest_api",
                    "depends_on": [],
                    "primary": {
                        "id": "hh1sagwvbk",
                        "attributes": {
                            "binary_media_types.#": "0",
                            "created_date": "2018-06-04T21:32:09Z",
                            "description": "Terraform Serverless Application Example",
                            "endpoint_configuration.#": "1",
                            "endpoint_configuration.0.types.#": "1",
                            "endpoint_configuration.0.types.0": "EDGE",
                            "execution_arn": "arn:aws:execute-api:us-east-1:153052954103:hh1sagwvbk",
                            "id": "hh1sagwvbk",
                            "minimum_compression_size": "-1",
                            "name": "ServerlessExample",
                            "policy": "",
                            "root_resource_id": "7s9rlcqx4j"
                        },
                        "meta": {},
                        "tainted": false
                    },
                    "deposed": [],
                    "provider": "provider.aws"
                },
                "aws_iam_role.lambda_exec": {
                    "type": "aws_iam_role",
                    "depends_on": [],
                    "primary": {
                        "id": "serverless_example_lambda",
                        "attributes": {
                            "arn": "arn:aws:iam::153052954103:role/serverless_example_lambda",
                            "assume_role_policy": "{\"Version\":\"2012-10-17\",\"Statement\":[{\"Sid\":\"\",\"Effect\":\"Allow\",\"Principal\":{\"Service\":\"lambda.amazonaws.com\"},\"Action\":\"sts:AssumeRole\"}]}",
                            "create_date": "2018-06-04T21:28:21Z",
                            "force_detach_policies": "false",
                            "id": "serverless_example_lambda",
                            "max_session_duration": "3600",
                            "name": "serverless_example_lambda",
                            "path": "/",
                            "unique_id": "AROAJJ5O3T54RO73Y5UT6"
                        },
                        "meta": {},
                        "tainted": false
                    },
                    "deposed": [],
                    "provider": "provider.aws"
                },
                "aws_lambda_function.example": {
                    "type": "aws_lambda_function",
                    "depends_on": [
                        "aws_iam_role.lambda_exec"
                    ],
                    "primary": {
                        "id": "ServerlessExample",
                        "attributes": {
                            "arn": "arn:aws:lambda:us-east-1:153052954103:function:ServerlessExample",
                            "dead_letter_config.#": "0",
                            "description": "",
                            "environment.#": "0",
                            "function_name": "ServerlessExample",
                            "handler": "main.handler",
                            "id": "ServerlessExample",
                            "invoke_arn": "arn:aws:apigateway:us-east-1:lambda:path/2015-03-31/functions/arn:aws:lambda:us-east-1:153052954103:function:ServerlessExample/invocations",
                            "kms_key_arn": "",
                            "last_modified": "2018-06-05T00:48:42.427+0000",
                            "memory_size": "128",
                            "publish": "false",
                            "qualified_arn": "arn:aws:lambda:us-east-1:153052954103:function:ServerlessExample:$LATEST",
                            "reserved_concurrent_executions": "0",
                            "role": "arn:aws:iam::153052954103:role/serverless_example_lambda",
                            "runtime": "nodejs6.10",
                            "s3_bucket": "donna-terraform-example",
                            "s3_key": "v1.0.1/example.zip",
                            "source_code_hash": "f6AVPIn+Zdugn6uihd5xl72/gsOsP0eOhoS66bkR9M0=",
                            "source_code_size": "354",
                            "tags.%": "0",
                            "timeout": "3",
                            "tracing_config.#": "1",
                            "tracing_config.0.mode": "PassThrough",
                            "version": "$LATEST",
                            "vpc_config.#": "0"
                        },
                        "meta": {},
                        "tainted": false
                    },
                    "deposed": [],
                    "provider": "provider.aws"
                },
                "aws_lambda_permission.apigw": {
                    "type": "aws_lambda_permission",
                    "depends_on": [
                        "aws_api_gateway_deployment.example",
                        "aws_lambda_function.example"
                    ],
                    "primary": {
                        "id": "AllowAPIGatewayInvoke",
                        "attributes": {
                            "action": "lambda:InvokeFunction",
                            "function_name": "arn:aws:lambda:us-east-1:153052954103:function:ServerlessExample",
                            "id": "AllowAPIGatewayInvoke",
                            "principal": "apigateway.amazonaws.com",
                            "qualifier": "",
                            "source_arn": "arn:aws:execute-api:us-east-1:153052954103:hh1sagwvbk/test/*/*",
                            "statement_id": "AllowAPIGatewayInvoke"
                        },
                        "meta": {},
                        "tainted": false
                    },
                    "deposed": [],
                    "provider": "provider.aws"
                }
            },
            "depends_on": []
        }
    ]
}
