{
    "version": 3,
    "terraform_version": "0.11.7",
    "serial": 18,
    "lineage": "a87dc1a3-9e84-ff7b-f707-b1001c13d598",
    "modules": [
        {
            "path": [
                "root"
            ],
            "outputs": {
                "base_url": {
                    "sensitive": false,
                    "type": "string",
                    "value": "https://6p11wvx1xi.execute-api.us-east-1.amazonaws.com/test"
                }
            },
            "resources": {
                "aws_api_gateway_deployment.example": {
                    "type": "aws_api_gateway_deployment",
                    "depends_on": [
                        "aws_api_gateway_integration.lambda",
                        "aws_api_gateway_integration.lambda_root",
                        "aws_api_gateway_rest_api.example"
                    ],
                    "primary": {
                        "id": "lmcpue",
                        "attributes": {
                            "created_date": "2018-06-11T20:44:40Z",
                            "description": "",
                            "execution_arn": "arn:aws:execute-api:us-east-1:153052954103:6p11wvx1xi/test",
                            "id": "lmcpue",
                            "invoke_url": "https://6p11wvx1xi.execute-api.us-east-1.amazonaws.com/test",
                            "rest_api_id": "6p11wvx1xi",
                            "stage_name": "test"
                        },
                        "meta": {},
                        "tainted": false
                    },
                    "deposed": [],
                    "provider": "provider.aws"
                },
                "aws_api_gateway_integration.lambda": {
                    "type": "aws_api_gateway_integration",
                    "depends_on": [
                        "aws_api_gateway_method.proxy",
                        "aws_api_gateway_rest_api.example",
                        "aws_lambda_function.example"
                    ],
                    "primary": {
                        "id": "agi-6p11wvx1xi-w862ab-ANY",
                        "attributes": {
                            "cache_key_parameters.#": "0",
                            "cache_namespace": "w862ab",
                            "connection_id": "",
                            "connection_type": "INTERNET",
                            "http_method": "ANY",
                            "id": "agi-6p11wvx1xi-w862ab-ANY",
                            "integration_http_method": "POST",
                            "passthrough_behavior": "WHEN_NO_MATCH",
                            "request_parameters.%": "0",
                            "request_templates.%": "0",
                            "resource_id": "w862ab",
                            "rest_api_id": "6p11wvx1xi",
                            "type": "AWS_PROXY",
                            "uri": "arn:aws:apigateway:us-east-1:lambda:path/2015-03-31/functions/arn:aws:lambda:us-east-1:153052954103:function:ServerlessExample/invocations"
                        },
                        "meta": {},
                        "tainted": false
                    },
                    "deposed": [],
                    "provider": "provider.aws"
                },
                "aws_api_gateway_integration.lambda_root": {
                    "type": "aws_api_gateway_integration",
                    "depends_on": [
                        "aws_api_gateway_method.proxy_root",
                        "aws_api_gateway_rest_api.example",
                        "aws_lambda_function.example"
                    ],
                    "primary": {
                        "id": "agi-6p11wvx1xi-d8ekbf47rf-ANY",
                        "attributes": {
                            "cache_key_parameters.#": "0",
                            "cache_namespace": "d8ekbf47rf",
                            "connection_id": "",
                            "connection_type": "INTERNET",
                            "http_method": "ANY",
                            "id": "agi-6p11wvx1xi-d8ekbf47rf-ANY",
                            "integration_http_method": "POST",
                            "passthrough_behavior": "WHEN_NO_MATCH",
                            "request_parameters.%": "0",
                            "request_templates.%": "0",
                            "resource_id": "d8ekbf47rf",
                            "rest_api_id": "6p11wvx1xi",
                            "type": "AWS_PROXY",
                            "uri": "arn:aws:apigateway:us-east-1:lambda:path/2015-03-31/functions/arn:aws:lambda:us-east-1:153052954103:function:ServerlessExample/invocations"
                        },
                        "meta": {},
                        "tainted": false
                    },
                    "deposed": [],
                    "provider": "provider.aws"
                },
                "aws_api_gateway_method.proxy": {
                    "type": "aws_api_gateway_method",
                    "depends_on": [
                        "aws_api_gateway_resource.proxy",
                        "aws_api_gateway_rest_api.example"
                    ],
                    "primary": {
                        "id": "agm-6p11wvx1xi-w862ab-ANY",
                        "attributes": {
                            "api_key_required": "false",
                            "authorization": "NONE",
                            "http_method": "ANY",
                            "id": "agm-6p11wvx1xi-w862ab-ANY",
                            "resource_id": "w862ab",
                            "rest_api_id": "6p11wvx1xi"
                        },
                        "meta": {},
                        "tainted": false
                    },
                    "deposed": [],
                    "provider": "provider.aws"
                },
                "aws_api_gateway_method.proxy_root": {
                    "type": "aws_api_gateway_method",
                    "depends_on": [
                        "aws_api_gateway_rest_api.example"
                    ],
                    "primary": {
                        "id": "agm-6p11wvx1xi-d8ekbf47rf-ANY",
                        "attributes": {
                            "api_key_required": "false",
                            "authorization": "NONE",
                            "http_method": "ANY",
                            "id": "agm-6p11wvx1xi-d8ekbf47rf-ANY",
                            "resource_id": "d8ekbf47rf",
                            "rest_api_id": "6p11wvx1xi"
                        },
                        "meta": {},
                        "tainted": false
                    },
                    "deposed": [],
                    "provider": "provider.aws"
                },
                "aws_api_gateway_resource.proxy": {
                    "type": "aws_api_gateway_resource",
                    "depends_on": [
                        "aws_api_gateway_rest_api.example"
                    ],
                    "primary": {
                        "id": "w862ab",
                        "attributes": {
                            "id": "w862ab",
                            "parent_id": "d8ekbf47rf",
                            "path": "/{proxy+}",
                            "path_part": "{proxy+}",
                            "rest_api_id": "6p11wvx1xi"
                        },
                        "meta": {},
                        "tainted": false
                    },
                    "deposed": [],
                    "provider": "provider.aws"
                },
                "aws_api_gateway_rest_api.example": {
                    "type": "aws_api_gateway_rest_api",
                    "depends_on": [],
                    "primary": {
                        "id": "6p11wvx1xi",
                        "attributes": {
                            "binary_media_types.#": "0",
                            "created_date": "2018-06-11T20:44:18Z",
                            "description": "Terraform Serverless Application Example",
                            "endpoint_configuration.#": "1",
                            "endpoint_configuration.0.types.#": "1",
                            "endpoint_configuration.0.types.0": "EDGE",
                            "execution_arn": "arn:aws:execute-api:us-east-1:153052954103:6p11wvx1xi",
                            "id": "6p11wvx1xi",
                            "minimum_compression_size": "-1",
                            "name": "ServerlessExample",
                            "policy": "",
                            "root_resource_id": "d8ekbf47rf"
                        },
                        "meta": {},
                        "tainted": false
                    },
                    "deposed": [],
                    "provider": "provider.aws"
                },
                "aws_dynamodb_table.dynamo-table": {
                    "type": "aws_dynamodb_table",
                    "depends_on": [],
                    "primary": {
                        "id": "RouteCounts",
                        "attributes": {
                            "arn": "arn:aws:dynamodb:us-east-1:153052954103:table/RouteCounts",
                            "attribute.#": "1",
                            "attribute.4228504427.name": "id",
                            "attribute.4228504427.type": "S",
                            "global_secondary_index.#": "0",
                            "hash_key": "id",
                            "id": "RouteCounts",
                            "local_secondary_index.#": "0",
                            "name": "RouteCounts",
                            "point_in_time_recovery.#": "1",
                            "point_in_time_recovery.0.enabled": "false",
                            "read_capacity": "1",
                            "server_side_encryption.#": "0",
                            "stream_arn": "",
                            "stream_enabled": "false",
                            "stream_label": "",
                            "stream_view_type": "",
                            "tags.%": "0",
                            "ttl.#": "0",
                            "write_capacity": "1"
                        },
                        "meta": {
                            "e2bfb730-ecaa-11e6-8f88-34363bc7c4c0": {
                                "create": 600000000000,
                                "delete": 600000000000,
                                "update": 600000000000
                            },
                            "schema_version": "1"
                        },
                        "tainted": false
                    },
                    "deposed": [],
                    "provider": "provider.aws"
                },
                "aws_iam_role.lambda_exec": {
                    "type": "aws_iam_role",
                    "depends_on": [],
                    "primary": {
                        "id": "serverless_example_lambda",
                        "attributes": {
                            "arn": "arn:aws:iam::153052954103:role/serverless_example_lambda",
                            "assume_role_policy": "{\"Version\":\"2012-10-17\",\"Statement\":[{\"Sid\":\"\",\"Effect\":\"Allow\",\"Principal\":{\"Service\":\"lambda.amazonaws.com\"},\"Action\":\"sts:AssumeRole\"}]}",
                            "create_date": "2018-06-11T20:44:18Z",
                            "force_detach_policies": "false",
                            "id": "serverless_example_lambda",
                            "max_session_duration": "3600",
                            "name": "serverless_example_lambda",
                            "path": "/",
                            "unique_id": "AROAI7BXNZA5ZASX4ELXI"
                        },
                        "meta": {},
                        "tainted": false
                    },
                    "deposed": [],
                    "provider": "provider.aws"
                },
                "aws_iam_role_policy.lambda-dynamo-role": {
                    "type": "aws_iam_role_policy",
                    "depends_on": [
                        "aws_dynamodb_table.dynamo-table",
                        "aws_iam_role.lambda_exec"
                    ],
                    "primary": {
                        "id": "serverless_example_lambda:dynamo-policy",
                        "attributes": {
                            "id": "serverless_example_lambda:dynamo-policy",
                            "name": "dynamo-policy",
                            "policy": "{\n    \"Version\": \"2008-10-17\",\n    \"Statement\": [\n        {\n            \"Action\": \"dynamodb:*\",\n            \"Effect\": \"Allow\",\n            \"Resource\": \"arn:aws:dynamodb:us-east-1:153052954103:table/RouteCounts\",\n            \"Sid\": \"\"\n        }\n    ]\n}\n",
                            "role": "serverless_example_lambda"
                        },
                        "meta": {},
                        "tainted": false
                    },
                    "deposed": [],
                    "provider": "provider.aws"
                },
                "aws_lambda_function.example": {
                    "type": "aws_lambda_function",
                    "depends_on": [
                        "aws_dynamodb_table.dynamo-table",
                        "aws_iam_role.lambda_exec",
                        "data.archive_file.lambda"
                    ],
                    "primary": {
                        "id": "ServerlessExample",
                        "attributes": {
                            "arn": "arn:aws:lambda:us-east-1:153052954103:function:ServerlessExample",
                            "dead_letter_config.#": "0",
                            "description": "",
                            "environment.#": "1",
                            "environment.0.variables.%": "1",
                            "environment.0.variables.DYNAMODB_TABLE": "RouteCounts",
                            "filename": "lambda.zip",
                            "function_name": "ServerlessExample",
                            "handler": "app.handler",
                            "id": "ServerlessExample",
                            "invoke_arn": "arn:aws:apigateway:us-east-1:lambda:path/2015-03-31/functions/arn:aws:lambda:us-east-1:153052954103:function:ServerlessExample/invocations",
                            "kms_key_arn": "",
                            "last_modified": "2018-06-11T20:44:38.059+0000",
                            "memory_size": "128",
                            "publish": "true",
                            "qualified_arn": "arn:aws:lambda:us-east-1:153052954103:function:ServerlessExample:4",
                            "reserved_concurrent_executions": "0",
                            "role": "arn:aws:iam::153052954103:role/serverless_example_lambda",
                            "runtime": "nodejs6.10",
                            "source_code_hash": "brTnzwsnSvNX0SPLip1zD4fVU1zX3hsb1EBzTK/TMhI=",
                            "source_code_size": "757",
                            "tags.%": "0",
                            "timeout": "3",
                            "tracing_config.#": "1",
                            "tracing_config.0.mode": "PassThrough",
                            "version": "4",
                            "vpc_config.#": "0"
                        },
                        "meta": {},
                        "tainted": false
                    },
                    "deposed": [],
                    "provider": "provider.aws"
                },
                "aws_lambda_permission.apigw": {
                    "type": "aws_lambda_permission",
                    "depends_on": [
                        "aws_api_gateway_deployment.example",
                        "aws_lambda_function.example"
                    ],
                    "primary": {
                        "id": "AllowAPIGatewayInvoke",
                        "attributes": {
                            "action": "lambda:InvokeFunction",
                            "function_name": "arn:aws:lambda:us-east-1:153052954103:function:ServerlessExample",
                            "id": "AllowAPIGatewayInvoke",
                            "principal": "apigateway.amazonaws.com",
                            "qualifier": "",
                            "source_arn": "arn:aws:execute-api:us-east-1:153052954103:6p11wvx1xi/test/*/*",
                            "statement_id": "AllowAPIGatewayInvoke"
                        },
                        "meta": {},
                        "tainted": false
                    },
                    "deposed": [],
                    "provider": "provider.aws"
                },
                "data.archive_file.lambda": {
                    "type": "archive_file",
                    "depends_on": [],
                    "primary": {
                        "id": "07c946f30d7bb71e0dd3ba75a66edf7332f31281",
                        "attributes": {
                            "id": "07c946f30d7bb71e0dd3ba75a66edf7332f31281",
                            "output_base64sha256": "brTnzwsnSvNX0SPLip1zD4fVU1zX3hsb1EBzTK/TMhI=",
                            "output_md5": "b1dce9d43070025bfb4583c038f7e3ef",
                            "output_path": "lambda.zip",
                            "output_sha": "07c946f30d7bb71e0dd3ba75a66edf7332f31281",
                            "output_size": "757",
                            "source.#": "0",
                            "source_file": "app.js",
                            "type": "zip"
                        },
                        "meta": {},
                        "tainted": false
                    },
                    "deposed": [],
                    "provider": "provider.archive"
                }
            },
            "depends_on": []
        }
    ]
}
